
Microsoft Visual Studio Solution File, Format Version 12.00
# Visual Studio Version 17
VisualStudioVersion = 17.0.31903.59
MinimumVisualStudioVersion = 10.0.40219.1
Project("{2150E333-8FDC-42A3-9474-1A3956D46DE8}") = "src", "src", "{5628EA40-E399-4B75-9DDC-82EA5FE35407}"
EndProject
Project("{FAE04EC0-301F-11D3-BF4B-00C04F79EFBC}") = "ProjectBoostX", "src\ProjectBoostX\ProjectBoostX.csproj", "{82D40CCE-3F58-4D38-9C6A-B3E5B920BA6F}"
EndProject
Global
	GlobalSection(SolutionConfigurationPlatforms) = preSolution
		Debug|Any CPU = Debug|Any CPU
		Release|Any CPU = Release|Any CPU
	EndGlobalSection
	GlobalSection(SolutionProperties) = preSolution
		HideSolutionNode = FALSE
	EndGlobalSection
	GlobalSection(ProjectConfigurationPlatforms) = postSolution
		{82D40CCE-3F58-4D38-9C6A-B3E5B920BA6F}.Debug|Any CPU.ActiveCfg = Debug|Any CPU
		{82D40CCE-3F58-4D38-9C6A-B3E5B920BA6F}.Debug|Any CPU.Build.0 = Debug|Any CPU
		{82D40CCE-3F58-4D38-9C6A-B3E5B920BA6F}.Release|Any CPU.ActiveCfg = Release|Any CPU
		{82D40CCE-3F58-4D38-9C6A-B3E5B920BA6F}.Release|Any CPU.Build.0 = Release|Any CPU
	EndGlobalSection
	GlobalSection(NestedProjects) = preSolution
		{82D40CCE-3F58-4D38-9C6A-B3E5B920BA6F} = {5628EA40-E399-4B75-9DDC-82EA5FE35407}
	EndGlobalSection
EndGlobal
